
Microsoft Visual Studio Solution File, Format Version 12.00
# Visual Studio Version 16
VisualStudioVersion = 16.0.30225.117
MinimumVisualStudioVersion = 10.0.40219.1
Project("{FAE04EC0-301F-11D3-BF4B-00C04F79EFBC}") = "Phan_So2", "Phan_So2\Phan_So2.csproj", "{64D5E2C4-961E-4BF9-AAF7-092B5E3AB7A9}"
EndProject
Global
	GlobalSection(SolutionConfigurationPlatforms) = preSolution
		Debug|Any CPU = Debug|Any CPU
		Release|Any CPU = Release|Any CPU
	EndGlobalSection
	GlobalSection(ProjectConfigurationPlatforms) = postSolution
		{64D5E2C4-961E-4BF9-AAF7-092B5E3AB7A9}.Debug|Any CPU.ActiveCfg = Debug|Any CPU
		{64D5E2C4-961E-4BF9-AAF7-092B5E3AB7A9}.Debug|Any CPU.Build.0 = Debug|Any CPU
		{64D5E2C4-961E-4BF9-AAF7-092B5E3AB7A9}.Release|Any CPU.ActiveCfg = Release|Any CPU
		{64D5E2C4-961E-4BF9-AAF7-092B5E3AB7A9}.Release|Any CPU.Build.0 = Release|Any CPU
	EndGlobalSection
	GlobalSection(SolutionProperties) = preSolution
		HideSolutionNode = FALSE
	EndGlobalSection
	GlobalSection(ExtensibilityGlobals) = postSolution
		SolutionGuid = {2231EA7C-B2F3-4F94-BA87-41641583524B}
	EndGlobalSection
EndGlobal
